
Microsoft Visual Studio Solution File, Format Version 12.00
# Visual Studio Version 16
VisualStudioVersion = 16.0.29905.134
MinimumVisualStudioVersion = 10.0.40219.1
Project("{FAE04EC0-301F-11D3-BF4B-00C04F79EFBC}") = "PodiumCaseStudy", "PodiumCaseStudy\PodiumCaseStudy.csproj", "{82084D44-ADF8-4092-939D-223853F31EB8}"
EndProject
Global
	GlobalSection(SolutionConfigurationPlatforms) = preSolution
		Debug|Any CPU = Debug|Any CPU
		Release|Any CPU = Release|Any CPU
	EndGlobalSection
	GlobalSection(ProjectConfigurationPlatforms) = postSolution
		{82084D44-ADF8-4092-939D-223853F31EB8}.Debug|Any CPU.ActiveCfg = Debug|Any CPU
		{82084D44-ADF8-4092-939D-223853F31EB8}.Debug|Any CPU.Build.0 = Debug|Any CPU
		{82084D44-ADF8-4092-939D-223853F31EB8}.Release|Any CPU.ActiveCfg = Release|Any CPU
		{82084D44-ADF8-4092-939D-223853F31EB8}.Release|Any CPU.Build.0 = Release|Any CPU
	EndGlobalSection
	GlobalSection(SolutionProperties) = preSolution
		HideSolutionNode = FALSE
	EndGlobalSection
	GlobalSection(ExtensibilityGlobals) = postSolution
		SolutionGuid = {0D8F1EBE-E4ED-4A9E-B6C8-B278CB3624DD}
	EndGlobalSection
EndGlobal
